// !$*UTF8*$!
{
	archiveVersion = 1;
	classes = {
	};
	objectVersion = 77;
	objects = {

/* Begin PBXBuildFile section */
		09EBD59E8C4294DA19247696 /* HomeView.swift in Sources */ = {isa = PBXBuildFile; fileRef = EA374652C6F6D6E467AF0FA5 /* HomeView.swift */; };
		0D3DCE881ED66E02ED24A46D /* UlyKoshWidget.swift in Sources */ = {isa = PBXBuildFile; fileRef = B33FD2AE73AE601439C91069 /* UlyKoshWidget.swift */; };
		0EE100EA7A9A2B1C2E7B7375 /* RouteMapView.swift in Sources */ = {isa = PBXBuildFile; fileRef = 9617FA4D102727E0CC62F293 /* RouteMapView.swift */; };
		1CF86482E637268CBEEF255A /* WinterRoute.swift in Sources */ = {isa = PBXBuildFile; fileRef = 7376BF3CCECB9F9C6F5A383F /* WinterRoute.swift */; };
		23A07E3C52E95CAF4A9246FC /* kz-roads.bin in Resources */ = {isa = PBXBuildFile; fileRef = 94971F8296410BDEB57D01AA /* kz-roads.bin */; };
		2D82FF6D1A37E615BBB1CFB1 /* UlyKoshApp.swift in Sources */ = {isa = PBXBuildFile; fileRef = B2B6BA6A687154A08320F94E /* UlyKoshApp.swift */; };
		3C6819F67E82BCE55C768134 /* WeatherStore.swift in Sources */ = {isa = PBXBuildFile; fileRef = D617F21525B1A8BE15483747 /* WeatherStore.swift */; };
		3CDEA2F9ACFE49D44D3EB919 /* Assets.xcassets in Resources */ = {isa = PBXBuildFile; fileRef = 48A14E4FFB337A35451614EC /* Assets.xcassets */; };
		3D2B8EB223A0CB197FC9A02C /* Theme.swift in Sources */ = {isa = PBXBuildFile; fileRef = 2FD2CF9D88AA0D4FFEEAC37F /* Theme.swift */; };
		40DB5D8B3B0E8D1EEEC63F4A /* RoutePickerView.swift in Sources */ = {isa = PBXBuildFile; fileRef = C070BE5891E090CD93F776BE /* RoutePickerView.swift */; };
		441907A1BDA8E7D94D250EAD /* TestSupport.swift in Sources */ = {isa = PBXBuildFile; fileRef = F6A46CC9B7CF6243CFC3837F /* TestSupport.swift */; };
		4B2D6B59869E41A4B91A2435 /* GeoData.swift in Sources */ = {isa = PBXBuildFile; fileRef = 8E200D303F34E1C839B58DB4 /* GeoData.swift */; };
		4DB9ABEEAB11C608E3DC4AF3 /* EngineTests.swift in Sources */ = {isa = PBXBuildFile; fileRef = 34994C08915FFC40EDD08F99 /* EngineTests.swift */; };
		4E4007259E7FB92034B9D280 /* AtmosphereTests.swift in Sources */ = {isa = PBXBuildFile; fileRef = 51F99A8509ACEF0D90CADB22 /* AtmosphereTests.swift */; };
		512D56B308A6A058C4C91494 /* UlyKoshWidget.appex in Embed Foundation Extensions */ = {isa = PBXBuildFile; fileRef = 60C2DFB7119649968104366B /* UlyKoshWidget.appex */; settings = {ATTRIBUTES = (RemoveHeadersOnCopy, ); }; };
		52C0096D2654C7744BC8DB37 /* Localizable.xcstrings in Resources */ = {isa = PBXBuildFile; fileRef = F13C73590D48D121FA8CDB77 /* Localizable.xcstrings */; };
		54EA1B4348DEFEE749BAAAAD /* CalendarTests.swift in Sources */ = {isa = PBXBuildFile; fileRef = 226A70BF8FEC05D068B7C205 /* CalendarTests.swift */; };
		551003168F062735EEF09DBA /* WeatherSheet.swift in Sources */ = {isa = PBXBuildFile; fileRef = 43F460F11102EC4A2148EF6B /* WeatherSheet.swift */; };
		5CBBD67FC66561D5F9542EC6 /* Pictograms.swift in Sources */ = {isa = PBXBuildFile; fileRef = 8994525A1EF735990AAE25FE /* Pictograms.swift */; };
		5E0FECD2963BD1E8C667E5B4 /* Pictograms.swift in Sources */ = {isa = PBXBuildFile; fileRef = 8994525A1EF735990AAE25FE /* Pictograms.swift */; };
		5F24074A0B67928B27940BF3 /* NotificationService.swift in Sources */ = {isa = PBXBuildFile; fileRef = 87330EE442BE509F530E870C /* NotificationService.swift */; };
		687B81C8E006AB119E8DB499 /* DayDetailView.swift in Sources */ = {isa = PBXBuildFile; fileRef = 8705A14FCEB6BF7BEB262D77 /* DayDetailView.swift */; };
		75D9ADD14DFFCFF97611D030 /* kazakhstan-map.json in Resources */ = {isa = PBXBuildFile; fileRef = B7CF44D4F62B02EDAD66E804 /* kazakhstan-map.json */; };
		79E533F1BEF47B74F56321A0 /* HealthKitStepSource.swift in Sources */ = {isa = PBXBuildFile; fileRef = 24A4D7B3ECC3F6F94D3162FC /* HealthKitStepSource.swift */; };
		7AD1615D54A5D5721D529FB6 /* RootView.swift in Sources */ = {isa = PBXBuildFile; fileRef = FD734DCCD061DD5E164CE25A /* RootView.swift */; };
		829501065AE9FF66A3BD0063 /* PrivacyInfo.xcprivacy in Resources */ = {isa = PBXBuildFile; fileRef = F888AF3C2A86756E8C5AAC40 /* PrivacyInfo.xcprivacy */; };
		8664C10F178D43AF437299C4 /* MapWorld.swift in Sources */ = {isa = PBXBuildFile; fileRef = 82C8A1393060E44E6B227C8F /* MapWorld.swift */; };
		880B2AE959E7A5F93C93B649 /* KazakhstanMapView.swift in Sources */ = {isa = PBXBuildFile; fileRef = 8916F4E19ECBDE22B4EEC350 /* KazakhstanMapView.swift */; };
		8C49DC4B131096CFD837E698 /* WidgetViews.swift in Sources */ = {isa = PBXBuildFile; fileRef = AEFFF72D6D462522C9D5B2F1 /* WidgetViews.swift */; };
		8CCC08E719C5084DE25D8600 /* SettingsView.swift in Sources */ = {isa = PBXBuildFile; fileRef = 1A78890B7F7ED51971628D2E /* SettingsView.swift */; };
		8E380A027F6D4221C1EF1E4D /* BuildEnvironment.swift in Sources */ = {isa = PBXBuildFile; fileRef = 70390BF0FD707FF0C429BCB9 /* BuildEnvironment.swift */; };
		8FC50FC3D480D605BBD44F8C /* JournalTests.swift in Sources */ = {isa = PBXBuildFile; fileRef = 2CCFC26CA99FB68193297C88 /* JournalTests.swift */; };
		8FDFAF61A7FD43CFAA8F4E40 /* InfoPlist.xcstrings in Resources */ = {isa = PBXBuildFile; fileRef = 6088EA59A04A2AEA4B186CCF /* InfoPlist.xcstrings */; };
		90084229E6B8BED639BC032F /* WidgetSnapshot.swift in Sources */ = {isa = PBXBuildFile; fileRef = 269E0BD9AAF05C828064B9B3 /* WidgetSnapshot.swift */; };
		9121F88EDA93D73B83B648E8 /* PrivacyInfo.xcprivacy in Resources */ = {isa = PBXBuildFile; fileRef = F888AF3C2A86756E8C5AAC40 /* PrivacyInfo.xcprivacy */; };
		922A730A68A4E5CDCA5F5795 /* Theme.swift in Sources */ = {isa = PBXBuildFile; fileRef = 2FD2CF9D88AA0D4FFEEAC37F /* Theme.swift */; };
		95FD3480EBD3940C75704169 /* SceneView.swift in Sources */ = {isa = PBXBuildFile; fileRef = E5B84EBDD7C14722DB6E4CDD /* SceneView.swift */; };
		985183855EE1F6B19FDCDEE2 /* JournalView.swift in Sources */ = {isa = PBXBuildFile; fileRef = C0A099B2B23A3BFBBA857981 /* JournalView.swift */; };
		9991EE468C967BBB05A9988B /* SummerRoute.swift in Sources */ = {isa = PBXBuildFile; fileRef = 8D60B12FFE0A9DEDDE8342F3 /* SummerRoute.swift */; };
		9A91EA0BD6EB31E810F0DDD3 /* Route.swift in Sources */ = {isa = PBXBuildFile; fileRef = 39CD843740DD3290D6E37F3B /* Route.swift */; };
		9AC175523062BE73546ED26B /* RouteBuilder.swift in Sources */ = {isa = PBXBuildFile; fileRef = E5E923E5C8185658B2F5AB31 /* RouteBuilder.swift */; };
		9C539DC345877EA6711534AD /* RouteView.swift in Sources */ = {isa = PBXBuildFile; fileRef = 09E08BC2ACED8C6FB5781EB0 /* RouteView.swift */; };
		9FB6476F6625438442B72FBD /* Journal.swift in Sources */ = {isa = PBXBuildFile; fileRef = 66B90708C0D45BB66E79EFCE /* Journal.swift */; };
		A8F3AB20AB06A9E6C19C5286 /* RouteContent.swift in Sources */ = {isa = PBXBuildFile; fileRef = 09E2FDA91865F349287B065B /* RouteContent.swift */; };
		AFBB706AFBAF613622C5FE6B /* Season.swift in Sources */ = {isa = PBXBuildFile; fileRef = AAF139901566A4D74C8AB674 /* Season.swift */; };
		B777C1940FE609C822B5B3C9 /* kz-places.json in Resources */ = {isa = PBXBuildFile; fileRef = 044FBC5DB1F86946D357B6C5 /* kz-places.json */; };
		B990802E5A1231B7E54D6EBB /* OnboardingView.swift in Sources */ = {isa = PBXBuildFile; fileRef = AF29D5081EB728FED8BF154E /* OnboardingView.swift */; };
		C87C063ED198832D5886002C /* StateStore.swift in Sources */ = {isa = PBXBuildFile; fileRef = 06702F7441D5CF31C7A774F3 /* StateStore.swift */; };
		C9179E1338C3206D70012AA6 /* AutumnRoute.swift in Sources */ = {isa = PBXBuildFile; fileRef = EEBF5F95249F7BC3C38CA71E /* AutumnRoute.swift */; };
		C9F1FC2E2C8833A5C27CA0B2 /* Localizable.xcstrings in Resources */ = {isa = PBXBuildFile; fileRef = F13C73590D48D121FA8CDB77 /* Localizable.xcstrings */; };
		CE4C8B583EAA7E107DB6DA13 /* GameState.swift in Sources */ = {isa = PBXBuildFile; fileRef = 575F1C5AAC906C5C78F4DE5B /* GameState.swift */; };
		D1422F68103C57126A484856 /* Atmosphere.swift in Sources */ = {isa = PBXBuildFile; fileRef = 4504ECB32A8272F484B6CC2C /* Atmosphere.swift */; };
		D9B8D4564419CC4A228FFAF0 /* Localization.swift in Sources */ = {isa = PBXBuildFile; fileRef = D82F50346CB5ACB44C8AA880 /* Localization.swift */; };
		E5BAFED9EC47D61365A728DB /* StopDetailView.swift in Sources */ = {isa = PBXBuildFile; fileRef = CCD8C129C1A11B7E334020E7 /* StopDetailView.swift */; };
		ED559C6F72758549DE1A0AEA /* Localization.swift in Sources */ = {isa = PBXBuildFile; fileRef = D82F50346CB5ACB44C8AA880 /* Localization.swift */; };
		EED6AFFFF2F005736C950887 /* AggregationTests.swift in Sources */ = {isa = PBXBuildFile; fileRef = 56B4CEA357F74A573EBC1179 /* AggregationTests.swift */; };
		F017E88E1A9CCA6C30035180 /* BuildEnvironment.swift in Sources */ = {isa = PBXBuildFile; fileRef = 70390BF0FD707FF0C429BCB9 /* BuildEnvironment.swift */; };
		F0C92BFDBF6C145DFADDBC35 /* RouteBuilderTests.swift in Sources */ = {isa = PBXBuildFile; fileRef = 28E173AD177DCB0A53446BBA /* RouteBuilderTests.swift */; };
		F7D2208D1DB73802FA44AF9B /* SpringRoute.swift in Sources */ = {isa = PBXBuildFile; fileRef = 9C26BF5E2ED5030BD8A24804 /* SpringRoute.swift */; };
		F85B3FEF8DC0D07DC4B07DC0 /* WidgetSnapshot.swift in Sources */ = {isa = PBXBuildFile; fileRef = 269E0BD9AAF05C828064B9B3 /* WidgetSnapshot.swift */; };
		F9A940E803A636F8F171D365 /* GameEngine.swift in Sources */ = {isa = PBXBuildFile; fileRef = 174EFFB53CA4198660D33705 /* GameEngine.swift */; };
		FD88EAEF50CB753DB3156F75 /* WidgetViews.swift in Sources */ = {isa = PBXBuildFile; fileRef = AEFFF72D6D462522C9D5B2F1 /* WidgetViews.swift */; };
/* End PBXBuildFile section */

/* Begin PBXContainerItemProxy section */
		1870C88E5783E5CE41B19304 /* PBXContainerItemProxy */ = {
			isa = PBXContainerItemProxy;
			containerPortal = F7169AD03A9E97DB5738F53C /* Project object */;
			proxyType = 1;
			remoteGlobalIDString = 13405D1367D0D680C2AAA318;
			remoteInfo = UlyKosh;
		};
		4DB37034FA7FC57EC5277007 /* PBXContainerItemProxy */ = {
			isa = PBXContainerItemProxy;
			containerPortal = F7169AD03A9E97DB5738F53C /* Project object */;
			proxyType = 1;
			remoteGlobalIDString = 468566073E1A469A57C5B7E9;
			remoteInfo = UlyKoshWidget;
		};
/* End PBXContainerItemProxy section */

/* Begin PBXCopyFilesBuildPhase section */
		05C91D7A601AC320DF947BFE /* Embed Foundation Extensions */ = {
			isa = PBXCopyFilesBuildPhase;
			buildActionMask = 2147483647;
			dstPath = "";
			dstSubfolderSpec = 13;
			files = (
				512D56B308A6A058C4C91494 /* UlyKoshWidget.appex in Embed Foundation Extensions */,
			);
			name = "Embed Foundation Extensions";
			runOnlyForDeploymentPostprocessing = 0;
		};
/* End PBXCopyFilesBuildPhase section */

/* Begin PBXFileReference section */
		044FBC5DB1F86946D357B6C5 /* kz-places.json */ = {isa = PBXFileReference; lastKnownFileType = text.json; path = "kz-places.json"; sourceTree = "<group>"; };
		06702F7441D5CF31C7A774F3 /* StateStore.swift */ = {isa = PBXFileReference; lastKnownFileType = sourcecode.swift; path = StateStore.swift; sourceTree = "<group>"; };
		09E08BC2ACED8C6FB5781EB0 /* RouteView.swift */ = {isa = PBXFileReference; lastKnownFileType = sourcecode.swift; path = RouteView.swift; sourceTree = "<group>"; };
		09E2FDA91865F349287B065B /* RouteContent.swift */ = {isa = PBXFileReference; lastKnownFileType = sourcecode.swift; path = RouteContent.swift; sourceTree = "<group>"; };
		174EFFB53CA4198660D33705 /* GameEngine.swift */ = {isa = PBXFileReference; lastKnownFileType = sourcecode.swift; path = GameEngine.swift; sourceTree = "<group>"; };
		1A78890B7F7ED51971628D2E /* SettingsView.swift */ = {isa = PBXFileReference; lastKnownFileType = sourcecode.swift; path = SettingsView.swift; sourceTree = "<group>"; };
		226A70BF8FEC05D068B7C205 /* CalendarTests.swift */ = {isa = PBXFileReference; lastKnownFileType = sourcecode.swift; path = CalendarTests.swift; sourceTree = "<group>"; };
		24A4D7B3ECC3F6F94D3162FC /* HealthKitStepSource.swift */ = {isa = PBXFileReference; lastKnownFileType = sourcecode.swift; path = HealthKitStepSource.swift; sourceTree = "<group>"; };
		269E0BD9AAF05C828064B9B3 /* WidgetSnapshot.swift */ = {isa = PBXFileReference; lastKnownFileType = sourcecode.swift; path = WidgetSnapshot.swift; sourceTree = "<group>"; };
		28E173AD177DCB0A53446BBA /* RouteBuilderTests.swift */ = {isa = PBXFileReference; lastKnownFileType = sourcecode.swift; path = RouteBuilderTests.swift; sourceTree = "<group>"; };
		297D5DBDE162C378FA024F52 /* UlyKosh.entitlements */ = {isa = PBXFileReference; lastKnownFileType = text.plist.entitlements; path = UlyKosh.entitlements; sourceTree = "<group>"; };
		2CCFC26CA99FB68193297C88 /* JournalTests.swift */ = {isa = PBXFileReference; lastKnownFileType = sourcecode.swift; path = JournalTests.swift; sourceTree = "<group>"; };
		2FD2CF9D88AA0D4FFEEAC37F /* Theme.swift */ = {isa = PBXFileReference; lastKnownFileType = sourcecode.swift; path = Theme.swift; sourceTree = "<group>"; };
		34994C08915FFC40EDD08F99 /* EngineTests.swift */ = {isa = PBXFileReference; lastKnownFileType = sourcecode.swift; path = EngineTests.swift; sourceTree = "<group>"; };
		39CD843740DD3290D6E37F3B /* Route.swift */ = {isa = PBXFileReference; lastKnownFileType = sourcecode.swift; path = Route.swift; sourceTree = "<group>"; };
		43F460F11102EC4A2148EF6B /* WeatherSheet.swift */ = {isa = PBXFileReference; lastKnownFileType = sourcecode.swift; path = WeatherSheet.swift; sourceTree = "<group>"; };
		4504ECB32A8272F484B6CC2C /* Atmosphere.swift */ = {isa = PBXFileReference; lastKnownFileType = sourcecode.swift; path = Atmosphere.swift; sourceTree = "<group>"; };
		48A14E4FFB337A35451614EC /* Assets.xcassets */ = {isa = PBXFileReference; lastKnownFileType = folder.assetcatalog; path = Assets.xcassets; sourceTree = "<group>"; };
		51F99A8509ACEF0D90CADB22 /* AtmosphereTests.swift */ = {isa = PBXFileReference; lastKnownFileType = sourcecode.swift; path = AtmosphereTests.swift; sourceTree = "<group>"; };
		56B4CEA357F74A573EBC1179 /* AggregationTests.swift */ = {isa = PBXFileReference; lastKnownFileType = sourcecode.swift; path = AggregationTests.swift; sourceTree = "<group>"; };
		575F1C5AAC906C5C78F4DE5B /* GameState.swift */ = {isa = PBXFileReference; lastKnownFileType = sourcecode.swift; path = GameState.swift; sourceTree = "<group>"; };
		6088EA59A04A2AEA4B186CCF /* InfoPlist.xcstrings */ = {isa = PBXFileReference; lastKnownFileType = text.json.xcstrings; path = InfoPlist.xcstrings; sourceTree = "<group>"; };
		60C2DFB7119649968104366B /* UlyKoshWidget.appex */ = {isa = PBXFileReference; includeInIndex = 0; lastKnownFileType = "wrapper.app-extension"; path = UlyKoshWidget.appex; sourceTree = BUILT_PRODUCTS_DIR; };
		66B90708C0D45BB66E79EFCE /* Journal.swift */ = {isa = PBXFileReference; lastKnownFileType = sourcecode.swift; path = Journal.swift; sourceTree = "<group>"; };
		6F6C09FB3A8BD52FCE249C93 /* UlyKoshTests.xctest */ = {isa = PBXFileReference; includeInIndex = 0; lastKnownFileType = wrapper.cfbundle; path = UlyKoshTests.xctest; sourceTree = BUILT_PRODUCTS_DIR; };
		6FCCF40899099CBFF3A80C30 /* UlyKoshWidget.entitlements */ = {isa = PBXFileReference; lastKnownFileType = text.plist.entitlements; path = UlyKoshWidget.entitlements; sourceTree = "<group>"; };
		70390BF0FD707FF0C429BCB9 /* BuildEnvironment.swift */ = {isa = PBXFileReference; lastKnownFileType = sourcecode.swift; path = BuildEnvironment.swift; sourceTree = "<group>"; };
		7376BF3CCECB9F9C6F5A383F /* WinterRoute.swift */ = {isa = PBXFileReference; lastKnownFileType = sourcecode.swift; path = WinterRoute.swift; sourceTree = "<group>"; };
		82C8A1393060E44E6B227C8F /* MapWorld.swift */ = {isa = PBXFileReference; lastKnownFileType = sourcecode.swift; path = MapWorld.swift; sourceTree = "<group>"; };
		8705A14FCEB6BF7BEB262D77 /* DayDetailView.swift */ = {isa = PBXFileReference; lastKnownFileType = sourcecode.swift; path = DayDetailView.swift; sourceTree = "<group>"; };
		87330EE442BE509F530E870C /* NotificationService.swift */ = {isa = PBXFileReference; lastKnownFileType = sourcecode.swift; path = NotificationService.swift; sourceTree = "<group>"; };
		8916F4E19ECBDE22B4EEC350 /* KazakhstanMapView.swift */ = {isa = PBXFileReference; lastKnownFileType = sourcecode.swift; path = KazakhstanMapView.swift; sourceTree = "<group>"; };
		8994525A1EF735990AAE25FE /* Pictograms.swift */ = {isa = PBXFileReference; lastKnownFileType = sourcecode.swift; path = Pictograms.swift; sourceTree = "<group>"; };
		8D60B12FFE0A9DEDDE8342F3 /* SummerRoute.swift */ = {isa = PBXFileReference; lastKnownFileType = sourcecode.swift; path = SummerRoute.swift; sourceTree = "<group>"; };
		8E200D303F34E1C839B58DB4 /* GeoData.swift */ = {isa = PBXFileReference; lastKnownFileType = sourcecode.swift; path = GeoData.swift; sourceTree = "<group>"; };
		9196C3239C4E23B179D5B5D8 /* UlyKosh.app */ = {isa = PBXFileReference; includeInIndex = 0; lastKnownFileType = wrapper.application; path = UlyKosh.app; sourceTree = BUILT_PRODUCTS_DIR; };
		94971F8296410BDEB57D01AA /* kz-roads.bin */ = {isa = PBXFileReference; lastKnownFileType = archive.macbinary; path = "kz-roads.bin"; sourceTree = "<group>"; };
		9617FA4D102727E0CC62F293 /* RouteMapView.swift */ = {isa = PBXFileReference; lastKnownFileType = sourcecode.swift; path = RouteMapView.swift; sourceTree = "<group>"; };
		9C26BF5E2ED5030BD8A24804 /* SpringRoute.swift */ = {isa = PBXFileReference; lastKnownFileType = sourcecode.swift; path = SpringRoute.swift; sourceTree = "<group>"; };
		AAF139901566A4D74C8AB674 /* Season.swift */ = {isa = PBXFileReference; lastKnownFileType = sourcecode.swift; path = Season.swift; sourceTree = "<group>"; };
		AEFFF72D6D462522C9D5B2F1 /* WidgetViews.swift */ = {isa = PBXFileReference; lastKnownFileType = sourcecode.swift; path = WidgetViews.swift; sourceTree = "<group>"; };
		AF29D5081EB728FED8BF154E /* OnboardingView.swift */ = {isa = PBXFileReference; lastKnownFileType = sourcecode.swift; path = OnboardingView.swift; sourceTree = "<group>"; };
		B2B6BA6A687154A08320F94E /* UlyKoshApp.swift */ = {isa = PBXFileReference; lastKnownFileType = sourcecode.swift; path = UlyKoshApp.swift; sourceTree = "<group>"; };
		B33FD2AE73AE601439C91069 /* UlyKoshWidget.swift */ = {isa = PBXFileReference; lastKnownFileType = sourcecode.swift; path = UlyKoshWidget.swift; sourceTree = "<group>"; };
		B7CF44D4F62B02EDAD66E804 /* kazakhstan-map.json */ = {isa = PBXFileReference; lastKnownFileType = text.json; path = "kazakhstan-map.json"; sourceTree = "<group>"; };
		C070BE5891E090CD93F776BE /* RoutePickerView.swift */ = {isa = PBXFileReference; lastKnownFileType = sourcecode.swift; path = RoutePickerView.swift; sourceTree = "<group>"; };
		C0A099B2B23A3BFBBA857981 /* JournalView.swift */ = {isa = PBXFileReference; lastKnownFileType = sourcecode.swift; path = JournalView.swift; sourceTree = "<group>"; };
		CCD8C129C1A11B7E334020E7 /* StopDetailView.swift */ = {isa = PBXFileReference; lastKnownFileType = sourcecode.swift; path = StopDetailView.swift; sourceTree = "<group>"; };
		D48EE511B542603879310EEE /* Info.plist */ = {isa = PBXFileReference; lastKnownFileType = text.plist; path = Info.plist; sourceTree = "<group>"; };
		D617F21525B1A8BE15483747 /* WeatherStore.swift */ = {isa = PBXFileReference; lastKnownFileType = sourcecode.swift; path = WeatherStore.swift; sourceTree = "<group>"; };
		D82F50346CB5ACB44C8AA880 /* Localization.swift */ = {isa = PBXFileReference; lastKnownFileType = sourcecode.swift; path = Localization.swift; sourceTree = "<group>"; };
		DEE61575FC44C1BDDB364FB3 /* Info.plist */ = {isa = PBXFileReference; lastKnownFileType = text.plist; path = Info.plist; sourceTree = "<group>"; };
		E5B84EBDD7C14722DB6E4CDD /* SceneView.swift */ = {isa = PBXFileReference; lastKnownFileType = sourcecode.swift; path = SceneView.swift; sourceTree = "<group>"; };
		E5E923E5C8185658B2F5AB31 /* RouteBuilder.swift */ = {isa = PBXFileReference; lastKnownFileType = sourcecode.swift; path = RouteBuilder.swift; sourceTree = "<group>"; };
		EA374652C6F6D6E467AF0FA5 /* HomeView.swift */ = {isa = PBXFileReference; lastKnownFileType = sourcecode.swift; path = HomeView.swift; sourceTree = "<group>"; };
		EEBF5F95249F7BC3C38CA71E /* AutumnRoute.swift */ = {isa = PBXFileReference; lastKnownFileType = sourcecode.swift; path = AutumnRoute.swift; sourceTree = "<group>"; };
		F13C73590D48D121FA8CDB77 /* Localizable.xcstrings */ = {isa = PBXFileReference; lastKnownFileType = text.json.xcstrings; path = Localizable.xcstrings; sourceTree = "<group>"; };
		F6A46CC9B7CF6243CFC3837F /* TestSupport.swift */ = {isa = PBXFileReference; lastKnownFileType = sourcecode.swift; path = TestSupport.swift; sourceTree = "<group>"; };
		F888AF3C2A86756E8C5AAC40 /* PrivacyInfo.xcprivacy */ = {isa = PBXFileReference; path = PrivacyInfo.xcprivacy; sourceTree = "<group>"; };
		FD734DCCD061DD5E164CE25A /* RootView.swift */ = {isa = PBXFileReference; lastKnownFileType = sourcecode.swift; path = RootView.swift; sourceTree = "<group>"; };
/* End PBXFileReference section */

/* Begin PBXGroup section */
		018358E88CD7FEE12A72F211 /* Data */ = {
			isa = PBXGroup;
			children = (
				EEBF5F95249F7BC3C38CA71E /* AutumnRoute.swift */,
				9C26BF5E2ED5030BD8A24804 /* SpringRoute.swift */,
				8D60B12FFE0A9DEDDE8342F3 /* SummerRoute.swift */,
				7376BF3CCECB9F9C6F5A383F /* WinterRoute.swift */,
			);
			path = Data;
			sourceTree = "<group>";
		};
		06D28CF2903B5A49F9490598 = {
			isa = PBXGroup;
			children = (
				F888AF3C2A86756E8C5AAC40 /* PrivacyInfo.xcprivacy */,
				F8EC1DDB8C843F6ED6F2CC34 /* UlyKosh */,
				48C3E881FFA10F9EC830D915 /* UlyKoshTests */,
				9586448E155A8F1E2C60373D /* UlyKoshWidget */,
				E1764D3129A217F6120B5589 /* Products */,
			);
			sourceTree = "<group>";
		};
		1375E8720321B40DC2235691 /* Models */ = {
			isa = PBXGroup;
			children = (
				575F1C5AAC906C5C78F4DE5B /* GameState.swift */,
				66B90708C0D45BB66E79EFCE /* Journal.swift */,
				39CD843740DD3290D6E37F3B /* Route.swift */,
			);
			path = Models;
			sourceTree = "<group>";
		};
		2510AB327E31C923B655A19C /* Shared */ = {
			isa = PBXGroup;
			children = (
				70390BF0FD707FF0C429BCB9 /* BuildEnvironment.swift */,
				D82F50346CB5ACB44C8AA880 /* Localization.swift */,
				269E0BD9AAF05C828064B9B3 /* WidgetSnapshot.swift */,
			);
			path = Shared;
			sourceTree = "<group>";
		};
		3A126D46EA3549250F031D85 /* App */ = {
			isa = PBXGroup;
			children = (
				B2B6BA6A687154A08320F94E /* UlyKoshApp.swift */,
			);
			path = App;
			sourceTree = "<group>";
		};
		3A413AAAB6DA383E81A25953 /* Icons */ = {
			isa = PBXGroup;
			children = (
				8994525A1EF735990AAE25FE /* Pictograms.swift */,
			);
			path = Icons;
			sourceTree = "<group>";
		};
		3E7309C2AC20C0888DBDFC44 /* Resources */ = {
			isa = PBXGroup;
			children = (
				48A14E4FFB337A35451614EC /* Assets.xcassets */,
				6088EA59A04A2AEA4B186CCF /* InfoPlist.xcstrings */,
				B7CF44D4F62B02EDAD66E804 /* kazakhstan-map.json */,
				044FBC5DB1F86946D357B6C5 /* kz-places.json */,
				94971F8296410BDEB57D01AA /* kz-roads.bin */,
				F13C73590D48D121FA8CDB77 /* Localizable.xcstrings */,
			);
			path = Resources;
			sourceTree = "<group>";
		};
		48C3E881FFA10F9EC830D915 /* UlyKoshTests */ = {
			isa = PBXGroup;
			children = (
				56B4CEA357F74A573EBC1179 /* AggregationTests.swift */,
				51F99A8509ACEF0D90CADB22 /* AtmosphereTests.swift */,
				226A70BF8FEC05D068B7C205 /* CalendarTests.swift */,
				34994C08915FFC40EDD08F99 /* EngineTests.swift */,
				2CCFC26CA99FB68193297C88 /* JournalTests.swift */,
				28E173AD177DCB0A53446BBA /* RouteBuilderTests.swift */,
				F6A46CC9B7CF6243CFC3837F /* TestSupport.swift */,
			);
			path = UlyKoshTests;
			sourceTree = "<group>";
		};
		7409508BF68394838071C2FA /* Map */ = {
			isa = PBXGroup;
			children = (
				8916F4E19ECBDE22B4EEC350 /* KazakhstanMapView.swift */,
				82C8A1393060E44E6B227C8F /* MapWorld.swift */,
			);
			path = Map;
			sourceTree = "<group>";
		};
		9586448E155A8F1E2C60373D /* UlyKoshWidget */ = {
			isa = PBXGroup;
			children = (
				DEE61575FC44C1BDDB364FB3 /* Info.plist */,
				6FCCF40899099CBFF3A80C30 /* UlyKoshWidget.entitlements */,
				B33FD2AE73AE601439C91069 /* UlyKoshWidget.swift */,
				AEFFF72D6D462522C9D5B2F1 /* WidgetViews.swift */,
			);
			path = UlyKoshWidget;
			sourceTree = "<group>";
		};
		A1580C7E8B362496D4C0DCDF /* Scene */ = {
			isa = PBXGroup;
			children = (
				4504ECB32A8272F484B6CC2C /* Atmosphere.swift */,
				E5B84EBDD7C14722DB6E4CDD /* SceneView.swift */,
				AAF139901566A4D74C8AB674 /* Season.swift */,
				43F460F11102EC4A2148EF6B /* WeatherSheet.swift */,
			);
			path = Scene;
			sourceTree = "<group>";
		};
		C477AE2E15F2CB4E7766B609 /* Services */ = {
			isa = PBXGroup;
			children = (
				174EFFB53CA4198660D33705 /* GameEngine.swift */,
				24A4D7B3ECC3F6F94D3162FC /* HealthKitStepSource.swift */,
				87330EE442BE509F530E870C /* NotificationService.swift */,
				06702F7441D5CF31C7A774F3 /* StateStore.swift */,
				D617F21525B1A8BE15483747 /* WeatherStore.swift */,
			);
			path = Services;
			sourceTree = "<group>";
		};
		E1764D3129A217F6120B5589 /* Products */ = {
			isa = PBXGroup;
			children = (
				9196C3239C4E23B179D5B5D8 /* UlyKosh.app */,
				6F6C09FB3A8BD52FCE249C93 /* UlyKoshTests.xctest */,
				60C2DFB7119649968104366B /* UlyKoshWidget.appex */,
			);
			name = Products;
			sourceTree = "<group>";
		};
		E4FF4A6391943D1AF8D3B80D /* Geo */ = {
			isa = PBXGroup;
			children = (
				8E200D303F34E1C839B58DB4 /* GeoData.swift */,
				E5E923E5C8185658B2F5AB31 /* RouteBuilder.swift */,
				09E2FDA91865F349287B065B /* RouteContent.swift */,
			);
			path = Geo;
			sourceTree = "<group>";
		};
		F8EC1DDB8C843F6ED6F2CC34 /* UlyKosh */ = {
			isa = PBXGroup;
			children = (
				D48EE511B542603879310EEE /* Info.plist */,
				297D5DBDE162C378FA024F52 /* UlyKosh.entitlements */,
				3A126D46EA3549250F031D85 /* App */,
				018358E88CD7FEE12A72F211 /* Data */,
				E4FF4A6391943D1AF8D3B80D /* Geo */,
				1375E8720321B40DC2235691 /* Models */,
				3E7309C2AC20C0888DBDFC44 /* Resources */,
				C477AE2E15F2CB4E7766B609 /* Services */,
				2510AB327E31C923B655A19C /* Shared */,
				FBC7D4915384604DBDFAFB17 /* Views */,
			);
			path = UlyKosh;
			sourceTree = "<group>";
		};
		FBC7D4915384604DBDFAFB17 /* Views */ = {
			isa = PBXGroup;
			children = (
				8705A14FCEB6BF7BEB262D77 /* DayDetailView.swift */,
				EA374652C6F6D6E467AF0FA5 /* HomeView.swift */,
				C0A099B2B23A3BFBBA857981 /* JournalView.swift */,
				AF29D5081EB728FED8BF154E /* OnboardingView.swift */,
				FD734DCCD061DD5E164CE25A /* RootView.swift */,
				9617FA4D102727E0CC62F293 /* RouteMapView.swift */,
				C070BE5891E090CD93F776BE /* RoutePickerView.swift */,
				09E08BC2ACED8C6FB5781EB0 /* RouteView.swift */,
				1A78890B7F7ED51971628D2E /* SettingsView.swift */,
				CCD8C129C1A11B7E334020E7 /* StopDetailView.swift */,
				2FD2CF9D88AA0D4FFEEAC37F /* Theme.swift */,
				3A413AAAB6DA383E81A25953 /* Icons */,
				7409508BF68394838071C2FA /* Map */,
				A1580C7E8B362496D4C0DCDF /* Scene */,
			);
			path = Views;
			sourceTree = "<group>";
		};
/* End PBXGroup section */

/* Begin PBXNativeTarget section */
		03336D1A75E1F887E4CC5265 /* UlyKoshTests */ = {
			isa = PBXNativeTarget;
			buildConfigurationList = BEB60C8EBC7942A79DA31CC4 /* Build configuration list for PBXNativeTarget "UlyKoshTests" */;
			buildPhases = (
				86AEEAD8A024477E0F22CED7 /* Sources */,
			);
			buildRules = (
			);
			dependencies = (
				15258FB8F1A00346CB71F910 /* PBXTargetDependency */,
			);
			name = UlyKoshTests;
			packageProductDependencies = (
			);
			productName = UlyKoshTests;
			productReference = 6F6C09FB3A8BD52FCE249C93 /* UlyKoshTests.xctest */;
			productType = "com.apple.product-type.bundle.unit-test";
		};
		13405D1367D0D680C2AAA318 /* UlyKosh */ = {
			isa = PBXNativeTarget;
			buildConfigurationList = 7256475CB7D992AC71A1FD49 /* Build configuration list for PBXNativeTarget "UlyKosh" */;
			buildPhases = (
				4301D47CEAB931476D9EA6D7 /* Sources */,
				515D78F934C08DD2750496A6 /* Resources */,
				05C91D7A601AC320DF947BFE /* Embed Foundation Extensions */,
				DFE94FBC9677F0DF9BD82CCE /* Strip extended attributes before codesign */,
			);
			buildRules = (
			);
			dependencies = (
				E7C970571DC7C83E31D94B9A /* PBXTargetDependency */,
			);
			name = UlyKosh;
			packageProductDependencies = (
			);
			productName = UlyKosh;
			productReference = 9196C3239C4E23B179D5B5D8 /* UlyKosh.app */;
			productType = "com.apple.product-type.application";
		};
		468566073E1A469A57C5B7E9 /* UlyKoshWidget */ = {
			isa = PBXNativeTarget;
			buildConfigurationList = F7D8AE08DD754E35A1AF6A3B /* Build configuration list for PBXNativeTarget "UlyKoshWidget" */;
			buildPhases = (
				B23F668FEEEBEBC2B33F9252 /* Sources */,
				379DAD59A3F89D1DC4557423 /* Resources */,
				1BF3C1D339811741941E91C0 /* Strip extended attributes before codesign */,
			);
			buildRules = (
			);
			dependencies = (
			);
			name = UlyKoshWidget;
			packageProductDependencies = (
			);
			productName = UlyKoshWidget;
			productReference = 60C2DFB7119649968104366B /* UlyKoshWidget.appex */;
			productType = "com.apple.product-type.app-extension";
		};
/* End PBXNativeTarget section */

/* Begin PBXProject section */
		F7169AD03A9E97DB5738F53C /* Project object */ = {
			isa = PBXProject;
			attributes = {
				BuildIndependentTargetsInParallel = YES;
				LastUpgradeCheck = 1430;
				TargetAttributes = {
					03336D1A75E1F887E4CC5265 = {
						DevelopmentTeam = VTP9UAM5MH;
						ProvisioningStyle = Automatic;
					};
					13405D1367D0D680C2AAA318 = {
						DevelopmentTeam = VTP9UAM5MH;
						ProvisioningStyle = Automatic;
					};
					468566073E1A469A57C5B7E9 = {
						DevelopmentTeam = VTP9UAM5MH;
						ProvisioningStyle = Automatic;
					};
				};
			};
			buildConfigurationList = D838CFE5EEEF2785D4C613BC /* Build configuration list for PBXProject "UlyKosh" */;
			developmentRegion = ru;
			hasScannedForEncodings = 0;
			knownRegions = (
				Base,
				kk,
				ru,
			);
			mainGroup = 06D28CF2903B5A49F9490598;
			minimizedProjectReferenceProxies = 1;
			preferredProjectObjectVersion = 77;
			productRefGroup = E1764D3129A217F6120B5589 /* Products */;
			projectDirPath = "";
			projectRoot = "";
			targets = (
				13405D1367D0D680C2AAA318 /* UlyKosh */,
				468566073E1A469A57C5B7E9 /* UlyKoshWidget */,
				03336D1A75E1F887E4CC5265 /* UlyKoshTests */,
			);
		};
/* End PBXProject section */

/* Begin PBXResourcesBuildPhase section */
		379DAD59A3F89D1DC4557423 /* Resources */ = {
			isa = PBXResourcesBuildPhase;
			buildActionMask = 2147483647;
			files = (
				52C0096D2654C7744BC8DB37 /* Localizable.xcstrings in Resources */,
				9121F88EDA93D73B83B648E8 /* PrivacyInfo.xcprivacy in Resources */,
			);
			runOnlyForDeploymentPostprocessing = 0;
		};
		515D78F934C08DD2750496A6 /* Resources */ = {
			isa = PBXResourcesBuildPhase;
			buildActionMask = 2147483647;
			files = (
				3CDEA2F9ACFE49D44D3EB919 /* Assets.xcassets in Resources */,
				8FDFAF61A7FD43CFAA8F4E40 /* InfoPlist.xcstrings in Resources */,
				C9F1FC2E2C8833A5C27CA0B2 /* Localizable.xcstrings in Resources */,
				829501065AE9FF66A3BD0063 /* PrivacyInfo.xcprivacy in Resources */,
				75D9ADD14DFFCFF97611D030 /* kazakhstan-map.json in Resources */,
				B777C1940FE609C822B5B3C9 /* kz-places.json in Resources */,
				23A07E3C52E95CAF4A9246FC /* kz-roads.bin in Resources */,
			);
			runOnlyForDeploymentPostprocessing = 0;
		};
/* End PBXResourcesBuildPhase section */

/* Begin PBXShellScriptBuildPhase section */
		1BF3C1D339811741941E91C0 /* Strip extended attributes before codesign */ = {
			isa = PBXShellScriptBuildPhase;
			alwaysOutOfDate = 1;
			buildActionMask = 2147483647;
			files = (
			);
			inputFileListPaths = (
			);
			inputPaths = (
			);
			name = "Strip extended attributes before codesign";
			outputFileListPaths = (
			);
			outputPaths = (
			);
			runOnlyForDeploymentPostprocessing = 0;
			shellPath = /bin/sh;
			shellScript = "xattr -cr \"${CODESIGNING_FOLDER_PATH}\" 2>/dev/null || true\n";
		};
		DFE94FBC9677F0DF9BD82CCE /* Strip extended attributes before codesign */ = {
			isa = PBXShellScriptBuildPhase;
			alwaysOutOfDate = 1;
			buildActionMask = 2147483647;
			files = (
			);
			inputFileListPaths = (
			);
			inputPaths = (
			);
			name = "Strip extended attributes before codesign";
			outputFileListPaths = (
			);
			outputPaths = (
			);
			runOnlyForDeploymentPostprocessing = 0;
			shellPath = /bin/sh;
			shellScript = "# macOS помечает файлы com.apple.provenance, а codesign отказывается подписывать бандл с такими атрибутами.\nxattr -cr \"${CODESIGNING_FOLDER_PATH}\" 2>/dev/null || true\n";
		};
/* End PBXShellScriptBuildPhase section */

/* Begin PBXSourcesBuildPhase section */
		4301D47CEAB931476D9EA6D7 /* Sources */ = {
			isa = PBXSourcesBuildPhase;
			buildActionMask = 2147483647;
			files = (
				D1422F68103C57126A484856 /* Atmosphere.swift in Sources */,
				C9179E1338C3206D70012AA6 /* AutumnRoute.swift in Sources */,
				F017E88E1A9CCA6C30035180 /* BuildEnvironment.swift in Sources */,
				687B81C8E006AB119E8DB499 /* DayDetailView.swift in Sources */,
				F9A940E803A636F8F171D365 /* GameEngine.swift in Sources */,
				CE4C8B583EAA7E107DB6DA13 /* GameState.swift in Sources */,
				4B2D6B59869E41A4B91A2435 /* GeoData.swift in Sources */,
				79E533F1BEF47B74F56321A0 /* HealthKitStepSource.swift in Sources */,
				09EBD59E8C4294DA19247696 /* HomeView.swift in Sources */,
				9FB6476F6625438442B72FBD /* Journal.swift in Sources */,
				985183855EE1F6B19FDCDEE2 /* JournalView.swift in Sources */,
				880B2AE959E7A5F93C93B649 /* KazakhstanMapView.swift in Sources */,
				D9B8D4564419CC4A228FFAF0 /* Localization.swift in Sources */,
				8664C10F178D43AF437299C4 /* MapWorld.swift in Sources */,
				5F24074A0B67928B27940BF3 /* NotificationService.swift in Sources */,
				B990802E5A1231B7E54D6EBB /* OnboardingView.swift in Sources */,
				5CBBD67FC66561D5F9542EC6 /* Pictograms.swift in Sources */,
				7AD1615D54A5D5721D529FB6 /* RootView.swift in Sources */,
				9A91EA0BD6EB31E810F0DDD3 /* Route.swift in Sources */,
				9AC175523062BE73546ED26B /* RouteBuilder.swift in Sources */,
				A8F3AB20AB06A9E6C19C5286 /* RouteContent.swift in Sources */,
				0EE100EA7A9A2B1C2E7B7375 /* RouteMapView.swift in Sources */,
				40DB5D8B3B0E8D1EEEC63F4A /* RoutePickerView.swift in Sources */,
				9C539DC345877EA6711534AD /* RouteView.swift in Sources */,
				95FD3480EBD3940C75704169 /* SceneView.swift in Sources */,
				AFBB706AFBAF613622C5FE6B /* Season.swift in Sources */,
				8CCC08E719C5084DE25D8600 /* SettingsView.swift in Sources */,
				F7D2208D1DB73802FA44AF9B /* SpringRoute.swift in Sources */,
				C87C063ED198832D5886002C /* StateStore.swift in Sources */,
				E5BAFED9EC47D61365A728DB /* StopDetailView.swift in Sources */,
				9991EE468C967BBB05A9988B /* SummerRoute.swift in Sources */,
				922A730A68A4E5CDCA5F5795 /* Theme.swift in Sources */,
				2D82FF6D1A37E615BBB1CFB1 /* UlyKoshApp.swift in Sources */,
				551003168F062735EEF09DBA /* WeatherSheet.swift in Sources */,
				3C6819F67E82BCE55C768134 /* WeatherStore.swift in Sources */,
				90084229E6B8BED639BC032F /* WidgetSnapshot.swift in Sources */,
				8C49DC4B131096CFD837E698 /* WidgetViews.swift in Sources */,
				1CF86482E637268CBEEF255A /* WinterRoute.swift in Sources */,
			);
			runOnlyForDeploymentPostprocessing = 0;
		};
		86AEEAD8A024477E0F22CED7 /* Sources */ = {
			isa = PBXSourcesBuildPhase;
			buildActionMask = 2147483647;
			files = (
				EED6AFFFF2F005736C950887 /* AggregationTests.swift in Sources */,
				4E4007259E7FB92034B9D280 /* AtmosphereTests.swift in Sources */,
				54EA1B4348DEFEE749BAAAAD /* CalendarTests.swift in Sources */,
				4DB9ABEEAB11C608E3DC4AF3 /* EngineTests.swift in Sources */,
				8FC50FC3D480D605BBD44F8C /* JournalTests.swift in Sources */,
				F0C92BFDBF6C145DFADDBC35 /* RouteBuilderTests.swift in Sources */,
				441907A1BDA8E7D94D250EAD /* TestSupport.swift in Sources */,
			);
			runOnlyForDeploymentPostprocessing = 0;
		};
		B23F668FEEEBEBC2B33F9252 /* Sources */ = {
			isa = PBXSourcesBuildPhase;
			buildActionMask = 2147483647;
			files = (
				8E380A027F6D4221C1EF1E4D /* BuildEnvironment.swift in Sources */,
				ED559C6F72758549DE1A0AEA /* Localization.swift in Sources */,
				5E0FECD2963BD1E8C667E5B4 /* Pictograms.swift in Sources */,
				3D2B8EB223A0CB197FC9A02C /* Theme.swift in Sources */,
				0D3DCE881ED66E02ED24A46D /* UlyKoshWidget.swift in Sources */,
				F85B3FEF8DC0D07DC4B07DC0 /* WidgetSnapshot.swift in Sources */,
				FD88EAEF50CB753DB3156F75 /* WidgetViews.swift in Sources */,
			);
			runOnlyForDeploymentPostprocessing = 0;
		};
/* End PBXSourcesBuildPhase section */

/* Begin PBXTargetDependency section */
		15258FB8F1A00346CB71F910 /* PBXTargetDependency */ = {
			isa = PBXTargetDependency;
			target = 13405D1367D0D680C2AAA318 /* UlyKosh */;
			targetProxy = 1870C88E5783E5CE41B19304 /* PBXContainerItemProxy */;
		};
		E7C970571DC7C83E31D94B9A /* PBXTargetDependency */ = {
			isa = PBXTargetDependency;
			target = 468566073E1A469A57C5B7E9 /* UlyKoshWidget */;
			targetProxy = 4DB37034FA7FC57EC5277007 /* PBXContainerItemProxy */;
		};
/* End PBXTargetDependency section */

/* Begin XCBuildConfiguration section */
		1201F8A67366A319E41D1FB5 /* Release */ = {
			isa = XCBuildConfiguration;
			buildSettings = {
				ALWAYS_SEARCH_USER_PATHS = NO;
				CLANG_ANALYZER_NONNULL = YES;
				CLANG_ANALYZER_NUMBER_OBJECT_CONVERSION = YES_AGGRESSIVE;
				CLANG_CXX_LANGUAGE_STANDARD = "gnu++14";
				CLANG_CXX_LIBRARY = "libc++";
				CLANG_ENABLE_MODULES = YES;
				CLANG_ENABLE_OBJC_ARC = YES;
				CLANG_ENABLE_OBJC_WEAK = YES;
				CLANG_WARN_BLOCK_CAPTURE_AUTORELEASING = YES;
				CLANG_WARN_BOOL_CONVERSION = YES;
				CLANG_WARN_COMMA = YES;
				CLANG_WARN_CONSTANT_CONVERSION = YES;
				CLANG_WARN_DEPRECATED_OBJC_IMPLEMENTATIONS = YES;
				CLANG_WARN_DIRECT_OBJC_ISA_USAGE = YES_ERROR;
				CLANG_WARN_DOCUMENTATION_COMMENTS = YES;
				CLANG_WARN_EMPTY_BODY = YES;
				CLANG_WARN_ENUM_CONVERSION = YES;
				CLANG_WARN_INFINITE_RECURSION = YES;
				CLANG_WARN_INT_CONVERSION = YES;
				CLANG_WARN_NON_LITERAL_NULL_CONVERSION = YES;
				CLANG_WARN_OBJC_IMPLICIT_RETAIN_SELF = YES;
				CLANG_WARN_OBJC_LITERAL_CONVERSION = YES;
				CLANG_WARN_OBJC_ROOT_CLASS = YES_ERROR;
				CLANG_WARN_QUOTED_INCLUDE_IN_FRAMEWORK_HEADER = YES;
				CLANG_WARN_RANGE_LOOP_ANALYSIS = YES;
				CLANG_WARN_STRICT_PROTOTYPES = YES;
				CLANG_WARN_SUSPICIOUS_MOVE = YES;
				CLANG_WARN_UNGUARDED_AVAILABILITY = YES_AGGRESSIVE;
				CLANG_WARN_UNREACHABLE_CODE = YES;
				CLANG_WARN__DUPLICATE_METHOD_MATCH = YES;
				CODE_SIGN_STYLE = Automatic;
				COPY_PHASE_STRIP = NO;
				CURRENT_PROJECT_VERSION = 3;
				DEBUG_INFORMATION_FORMAT = "dwarf-with-dsym";
				DEVELOPMENT_TEAM = VTP9UAM5MH;
				ENABLE_NS_ASSERTIONS = NO;
				ENABLE_STRICT_OBJC_MSGSEND = YES;
				ENABLE_USER_SCRIPT_SANDBOXING = NO;
				GCC_C_LANGUAGE_STANDARD = gnu11;
				GCC_NO_COMMON_BLOCKS = YES;
				GCC_WARN_64_TO_32_BIT_CONVERSION = YES;
				GCC_WARN_ABOUT_RETURN_TYPE = YES_ERROR;
				GCC_WARN_UNDECLARED_SELECTOR = YES;
				GCC_WARN_UNINITIALIZED_AUTOS = YES_AGGRESSIVE;
				GCC_WARN_UNUSED_FUNCTION = YES;
				GCC_WARN_UNUSED_VARIABLE = YES;
				GENERATE_INFOPLIST_FILE = NO;
				IPHONEOS_DEPLOYMENT_TARGET = 17.0;
				MARKETING_VERSION = 0.3.0;
				MTL_ENABLE_DEBUG_INFO = NO;
				MTL_FAST_MATH = YES;
				PRODUCT_NAME = "$(TARGET_NAME)";
				SDKROOT = iphoneos;
				SWIFT_COMPILATION_MODE = wholemodule;
				SWIFT_EMIT_LOC_STRINGS = YES;
				SWIFT_OPTIMIZATION_LEVEL = "-O";
				SWIFT_STRICT_CONCURRENCY = minimal;
				SWIFT_VERSION = 5.0;
				TARGETED_DEVICE_FAMILY = 1;
			};
			name = Release;
		};
		1FA97C6A6EB6385F1A334DFC /* Debug */ = {
			isa = XCBuildConfiguration;
			buildSettings = {
				ASSETCATALOG_COMPILER_GLOBAL_ACCENT_COLOR_NAME = "";
				CODE_SIGN_ENTITLEMENTS = UlyKoshWidget/UlyKoshWidget.entitlements;
				INFOPLIST_FILE = UlyKoshWidget/Info.plist;
				LD_RUNPATH_SEARCH_PATHS = (
					"$(inherited)",
					"@executable_path/Frameworks",
					"@executable_path/../../Frameworks",
				);
				PRODUCT_BUNDLE_IDENTIFIER = kz.ulykosh.UlyKosh.Widget;
				SDKROOT = iphoneos;
				SKIP_INSTALL = YES;
				SWIFT_EMIT_LOC_STRINGS = YES;
				TARGETED_DEVICE_FAMILY = "1,2";
			};
			name = Debug;
		};
		3A2CD64E7A742E6447434083 /* Release */ = {
			isa = XCBuildConfiguration;
			buildSettings = {
				ASSETCATALOG_COMPILER_GLOBAL_ACCENT_COLOR_NAME = "";
				CODE_SIGN_ENTITLEMENTS = UlyKoshWidget/UlyKoshWidget.entitlements;
				INFOPLIST_FILE = UlyKoshWidget/Info.plist;
				LD_RUNPATH_SEARCH_PATHS = (
					"$(inherited)",
					"@executable_path/Frameworks",
					"@executable_path/../../Frameworks",
				);
				PRODUCT_BUNDLE_IDENTIFIER = kz.ulykosh.UlyKosh.Widget;
				SDKROOT = iphoneos;
				SKIP_INSTALL = YES;
				SWIFT_EMIT_LOC_STRINGS = YES;
				TARGETED_DEVICE_FAMILY = "1,2";
			};
			name = Release;
		};
		4452EF6203162DA562E5B8DE /* Release */ = {
			isa = XCBuildConfiguration;
			buildSettings = {
				BUNDLE_LOADER = "$(TEST_HOST)";
				GENERATE_INFOPLIST_FILE = YES;
				LD_RUNPATH_SEARCH_PATHS = (
					"$(inherited)",
					"@executable_path/Frameworks",
					"@loader_path/Frameworks",
				);
				PRODUCT_BUNDLE_IDENTIFIER = kz.ulykosh.UlyKoshTests;
				SDKROOT = iphoneos;
				TARGETED_DEVICE_FAMILY = "1,2";
				TEST_HOST = "$(BUILT_PRODUCTS_DIR)/UlyKosh.app/UlyKosh";
			};
			name = Release;
		};
		9AB7EC3A1A95833D570DDD9D /* Debug */ = {
			isa = XCBuildConfiguration;
			buildSettings = {
				ALWAYS_SEARCH_USER_PATHS = NO;
				CLANG_ANALYZER_NONNULL = YES;
				CLANG_ANALYZER_NUMBER_OBJECT_CONVERSION = YES_AGGRESSIVE;
				CLANG_CXX_LANGUAGE_STANDARD = "gnu++14";
				CLANG_CXX_LIBRARY = "libc++";
				CLANG_ENABLE_MODULES = YES;
				CLANG_ENABLE_OBJC_ARC = YES;
				CLANG_ENABLE_OBJC_WEAK = YES;
				CLANG_WARN_BLOCK_CAPTURE_AUTORELEASING = YES;
				CLANG_WARN_BOOL_CONVERSION = YES;
				CLANG_WARN_COMMA = YES;
				CLANG_WARN_CONSTANT_CONVERSION = YES;
				CLANG_WARN_DEPRECATED_OBJC_IMPLEMENTATIONS = YES;
				CLANG_WARN_DIRECT_OBJC_ISA_USAGE = YES_ERROR;
				CLANG_WARN_DOCUMENTATION_COMMENTS = YES;
				CLANG_WARN_EMPTY_BODY = YES;
				CLANG_WARN_ENUM_CONVERSION = YES;
				CLANG_WARN_INFINITE_RECURSION = YES;
				CLANG_WARN_INT_CONVERSION = YES;
				CLANG_WARN_NON_LITERAL_NULL_CONVERSION = YES;
				CLANG_WARN_OBJC_IMPLICIT_RETAIN_SELF = YES;
				CLANG_WARN_OBJC_LITERAL_CONVERSION = YES;
				CLANG_WARN_OBJC_ROOT_CLASS = YES_ERROR;
				CLANG_WARN_QUOTED_INCLUDE_IN_FRAMEWORK_HEADER = YES;
				CLANG_WARN_RANGE_LOOP_ANALYSIS = YES;
				CLANG_WARN_STRICT_PROTOTYPES = YES;
				CLANG_WARN_SUSPICIOUS_MOVE = YES;
				CLANG_WARN_UNGUARDED_AVAILABILITY = YES_AGGRESSIVE;
				CLANG_WARN_UNREACHABLE_CODE = YES;
				CLANG_WARN__DUPLICATE_METHOD_MATCH = YES;
				CODE_SIGN_STYLE = Automatic;
				COPY_PHASE_STRIP = NO;
				CURRENT_PROJECT_VERSION = 3;
				DEBUG_INFORMATION_FORMAT = dwarf;
				DEVELOPMENT_TEAM = VTP9UAM5MH;
				ENABLE_STRICT_OBJC_MSGSEND = YES;
				ENABLE_TESTABILITY = YES;
				ENABLE_USER_SCRIPT_SANDBOXING = NO;
				GCC_C_LANGUAGE_STANDARD = gnu11;
				GCC_DYNAMIC_NO_PIC = NO;
				GCC_NO_COMMON_BLOCKS = YES;
				GCC_OPTIMIZATION_LEVEL = 0;
				GCC_PREPROCESSOR_DEFINITIONS = (
					"$(inherited)",
					"DEBUG=1",
				);
				GCC_WARN_64_TO_32_BIT_CONVERSION = YES;
				GCC_WARN_ABOUT_RETURN_TYPE = YES_ERROR;
				GCC_WARN_UNDECLARED_SELECTOR = YES;
				GCC_WARN_UNINITIALIZED_AUTOS = YES_AGGRESSIVE;
				GCC_WARN_UNUSED_FUNCTION = YES;
				GCC_WARN_UNUSED_VARIABLE = YES;
				GENERATE_INFOPLIST_FILE = NO;
				IPHONEOS_DEPLOYMENT_TARGET = 17.0;
				MARKETING_VERSION = 0.3.0;
				MTL_ENABLE_DEBUG_INFO = INCLUDE_SOURCE;
				MTL_FAST_MATH = YES;
				ONLY_ACTIVE_ARCH = YES;
				PRODUCT_NAME = "$(TARGET_NAME)";
				SDKROOT = iphoneos;
				SWIFT_ACTIVE_COMPILATION_CONDITIONS = DEBUG;
				SWIFT_EMIT_LOC_STRINGS = YES;
				SWIFT_OPTIMIZATION_LEVEL = "-Onone";
				SWIFT_STRICT_CONCURRENCY = minimal;
				SWIFT_VERSION = 5.0;
				TARGETED_DEVICE_FAMILY = 1;
			};
			name = Debug;
		};
		B8B8B9D1FE72E5A26E8B8675 /* Debug */ = {
			isa = XCBuildConfiguration;
			buildSettings = {
				ASSETCATALOG_COMPILER_APPICON_NAME = AppIcon;
				CODE_SIGN_ENTITLEMENTS = UlyKosh/UlyKosh.entitlements;
				CODE_SIGN_IDENTITY = "iPhone Developer";
				INFOPLIST_FILE = UlyKosh/Info.plist;
				LD_RUNPATH_SEARCH_PATHS = (
					"$(inherited)",
					"@executable_path/Frameworks",
				);
				PRODUCT_BUNDLE_IDENTIFIER = kz.ulykosh.UlyKosh;
				SDKROOT = iphoneos;
				TARGETED_DEVICE_FAMILY = "1,2";
			};
			name = Debug;
		};
		D92EDBC60F7CAE8193F7A792 /* Release */ = {
			isa = XCBuildConfiguration;
			buildSettings = {
				ASSETCATALOG_COMPILER_APPICON_NAME = AppIcon;
				CODE_SIGN_ENTITLEMENTS = UlyKosh/UlyKosh.entitlements;
				CODE_SIGN_IDENTITY = "iPhone Developer";
				INFOPLIST_FILE = UlyKosh/Info.plist;
				LD_RUNPATH_SEARCH_PATHS = (
					"$(inherited)",
					"@executable_path/Frameworks",
				);
				PRODUCT_BUNDLE_IDENTIFIER = kz.ulykosh.UlyKosh;
				SDKROOT = iphoneos;
				TARGETED_DEVICE_FAMILY = "1,2";
			};
			name = Release;
		};
		E719A2BDD0621426B5AD60CA /* Debug */ = {
			isa = XCBuildConfiguration;
			buildSettings = {
				BUNDLE_LOADER = "$(TEST_HOST)";
				GENERATE_INFOPLIST_FILE = YES;
				LD_RUNPATH_SEARCH_PATHS = (
					"$(inherited)",
					"@executable_path/Frameworks",
					"@loader_path/Frameworks",
				);
				PRODUCT_BUNDLE_IDENTIFIER = kz.ulykosh.UlyKoshTests;
				SDKROOT = iphoneos;
				TARGETED_DEVICE_FAMILY = "1,2";
				TEST_HOST = "$(BUILT_PRODUCTS_DIR)/UlyKosh.app/UlyKosh";
			};
			name = Debug;
		};
/* End XCBuildConfiguration section */

/* Begin XCConfigurationList section */
		7256475CB7D992AC71A1FD49 /* Build configuration list for PBXNativeTarget "UlyKosh" */ = {
			isa = XCConfigurationList;
			buildConfigurations = (
				B8B8B9D1FE72E5A26E8B8675 /* Debug */,
				D92EDBC60F7CAE8193F7A792 /* Release */,
			);
			defaultConfigurationIsVisible = 0;
			defaultConfigurationName = Debug;
		};
		BEB60C8EBC7942A79DA31CC4 /* Build configuration list for PBXNativeTarget "UlyKoshTests" */ = {
			isa = XCConfigurationList;
			buildConfigurations = (
				E719A2BDD0621426B5AD60CA /* Debug */,
				4452EF6203162DA562E5B8DE /* Release */,
			);
			defaultConfigurationIsVisible = 0;
			defaultConfigurationName = Debug;
		};
		D838CFE5EEEF2785D4C613BC /* Build configuration list for PBXProject "UlyKosh" */ = {
			isa = XCConfigurationList;
			buildConfigurations = (
				9AB7EC3A1A95833D570DDD9D /* Debug */,
				1201F8A67366A319E41D1FB5 /* Release */,
			);
			defaultConfigurationIsVisible = 0;
			defaultConfigurationName = Debug;
		};
		F7D8AE08DD754E35A1AF6A3B /* Build configuration list for PBXNativeTarget "UlyKoshWidget" */ = {
			isa = XCConfigurationList;
			buildConfigurations = (
				1FA97C6A6EB6385F1A334DFC /* Debug */,
				3A2CD64E7A742E6447434083 /* Release */,
			);
			defaultConfigurationIsVisible = 0;
			defaultConfigurationName = Debug;
		};
/* End XCConfigurationList section */
	};
	rootObject = F7169AD03A9E97DB5738F53C /* Project object */;
}
